// !$*UTF8*$!
{
	archiveVersion = 1;
	classes = {
	};
	objectVersion = 46;
	objects = {

/* Begin PBXBuildFile section */
		8391F333170FBC1B007A0255 /* iAd.framework in Frameworks */ = {isa = PBXBuildFile; fileRef = 8391F332170FBC1A007A0255 /* iAd.framework */; };
		8391F339171008EC007A0255 /* appIcon.png in Resources */ = {isa = PBXBuildFile; fileRef = 8391F338171008EC007A0255 /* appIcon.png */; };
		8391F33B171008F0007A0255 /* appIcon@2x.png in Resources */ = {isa = PBXBuildFile; fileRef = 8391F33A171008F0007A0255 /* appIcon@2x.png */; };
		83926644170F948E00A192E5 /* UIKit.framework in Frameworks */ = {isa = PBXBuildFile; fileRef = 83926643170F948E00A192E5 /* UIKit.framework */; };
		83926646170F948E00A192E5 /* Foundation.framework in Frameworks */ = {isa = PBXBuildFile; fileRef = 83926645170F948E00A192E5 /* Foundation.framework */; };
		83926648170F948E00A192E5 /* CoreGraphics.framework in Frameworks */ = {isa = PBXBuildFile; fileRef = 83926647170F948E00A192E5 /* CoreGraphics.framework */; };
		8392664E170F948E00A192E5 /* InfoPlist.strings in Resources */ = {isa = PBXBuildFile; fileRef = 8392664C170F948E00A192E5 /* InfoPlist.strings */; };
		83926650170F948E00A192E5 /* main.m in Sources */ = {isa = PBXBuildFile; fileRef = 8392664F170F948E00A192E5 /* main.m */; };
		83926654170F948E00A192E5 /* AppDelegate.m in Sources */ = {isa = PBXBuildFile; fileRef = 83926653170F948E00A192E5 /* AppDelegate.m */; };
		83926656170F948E00A192E5 /* Default.png in Resources */ = {isa = PBXBuildFile; fileRef = 83926655170F948E00A192E5 /* Default.png */; };
		83926658170F948E00A192E5 /* Default@2x.png in Resources */ = {isa = PBXBuildFile; fileRef = 83926657170F948E00A192E5 /* Default@2x.png */; };
		8392665A170F948E00A192E5 /* Default-568h@2x.png in Resources */ = {isa = PBXBuildFile; fileRef = 83926659170F948E00A192E5 /* Default-568h@2x.png */; };
		8392665D170F948E00A192E5 /* MainStoryboard.storyboard in Resources */ = {isa = PBXBuildFile; fileRef = 8392665B170F948E00A192E5 /* MainStoryboard.storyboard */; };
		83926660170F948E00A192E5 /* ViewController.m in Sources */ = {isa = PBXBuildFile; fileRef = 8392665F170F948E00A192E5 /* ViewController.m */; };
		8392667B170F94B400A192E5 /* AFHTTPClient.m in Sources */ = {isa = PBXBuildFile; fileRef = 83926669170F94B400A192E5 /* AFHTTPClient.m */; };
		8392667C170F94B400A192E5 /* AFHTTPRequestOperation.m in Sources */ = {isa = PBXBuildFile; fileRef = 8392666B170F94B400A192E5 /* AFHTTPRequestOperation.m */; };
		8392667D170F94B400A192E5 /* AFImageRequestOperation.m in Sources */ = {isa = PBXBuildFile; fileRef = 8392666D170F94B400A192E5 /* AFImageRequestOperation.m */; };
		8392667E170F94B400A192E5 /* AFJSONRequestOperation.m in Sources */ = {isa = PBXBuildFile; fileRef = 8392666F170F94B400A192E5 /* AFJSONRequestOperation.m */; };
		8392667F170F94B400A192E5 /* AFNetworkActivityIndicatorManager.m in Sources */ = {isa = PBXBuildFile; fileRef = 83926671170F94B400A192E5 /* AFNetworkActivityIndicatorManager.m */; };
		83926680170F94B400A192E5 /* AFPropertyListRequestOperation.m in Sources */ = {isa = PBXBuildFile; fileRef = 83926674170F94B400A192E5 /* AFPropertyListRequestOperation.m */; };
		83926681170F94B400A192E5 /* AFURLConnectionOperation.m in Sources */ = {isa = PBXBuildFile; fileRef = 83926676170F94B400A192E5 /* AFURLConnectionOperation.m */; };
		83926682170F94B400A192E5 /* AFXMLRequestOperation.m in Sources */ = {isa = PBXBuildFile; fileRef = 83926678170F94B400A192E5 /* AFXMLRequestOperation.m */; };
		83926683170F94B400A192E5 /* UIImageView+AFNetworking.m in Sources */ = {isa = PBXBuildFile; fileRef = 8392667A170F94B400A192E5 /* UIImageView+AFNetworking.m */; };
		83926686170F961C00A192E5 /* Currency.m in Sources */ = {isa = PBXBuildFile; fileRef = 83926685170F961C00A192E5 /* Currency.m */; };
		8392668D170F9CF100A192E5 /* CurrencyTableViewController.m in Sources */ = {isa = PBXBuildFile; fileRef = 8392668C170F9CF100A192E5 /* CurrencyTableViewController.m */; };
/* End PBXBuildFile section */

/* Begin PBXFileReference section */
		8391F332170FBC1A007A0255 /* iAd.framework */ = {isa = PBXFileReference; lastKnownFileType = wrapper.framework; name = iAd.framework; path = System/Library/Frameworks/iAd.framework; sourceTree = SDKROOT; };
		8391F338171008EC007A0255 /* appIcon.png */ = {isa = PBXFileReference; lastKnownFileType = image.png; path = appIcon.png; sourceTree = "<group>"; };
		8391F33A171008F0007A0255 /* appIcon@2x.png */ = {isa = PBXFileReference; lastKnownFileType = image.png; path = "appIcon@2x.png"; sourceTree = "<group>"; };
		83926640170F948E00A192E5 /* BitSpot.app */ = {isa = PBXFileReference; explicitFileType = wrapper.application; includeInIndex = 0; path = BitSpot.app; sourceTree = BUILT_PRODUCTS_DIR; };
		83926643170F948E00A192E5 /* UIKit.framework */ = {isa = PBXFileReference; lastKnownFileType = wrapper.framework; name = UIKit.framework; path = System/Library/Frameworks/UIKit.framework; sourceTree = SDKROOT; };
		83926645170F948E00A192E5 /* Foundation.framework */ = {isa = PBXFileReference; lastKnownFileType = wrapper.framework; name = Foundation.framework; path = System/Library/Frameworks/Foundation.framework; sourceTree = SDKROOT; };
		83926647170F948E00A192E5 /* CoreGraphics.framework */ = {isa = PBXFileReference; lastKnownFileType = wrapper.framework; name = CoreGraphics.framework; path = System/Library/Frameworks/CoreGraphics.framework; sourceTree = SDKROOT; };
		8392664B170F948E00A192E5 /* BitSpot-Info.plist */ = {isa = PBXFileReference; lastKnownFileType = text.plist.xml; path = "BitSpot-Info.plist"; sourceTree = "<group>"; };
		8392664D170F948E00A192E5 /* en */ = {isa = PBXFileReference; lastKnownFileType = text.plist.strings; name = en; path = en.lproj/InfoPlist.strings; sourceTree = "<group>"; };
		8392664F170F948E00A192E5 /* main.m */ = {isa = PBXFileReference; lastKnownFileType = sourcecode.c.objc; path = main.m; sourceTree = "<group>"; };
		83926651170F948E00A192E5 /* BitSpot-Prefix.pch */ = {isa = PBXFileReference; lastKnownFileType = sourcecode.c.h; path = "BitSpot-Prefix.pch"; sourceTree = "<group>"; };
		83926652170F948E00A192E5 /* AppDelegate.h */ = {isa = PBXFileReference; lastKnownFileType = sourcecode.c.h; path = AppDelegate.h; sourceTree = "<group>"; };
		83926653170F948E00A192E5 /* AppDelegate.m */ = {isa = PBXFileReference; lastKnownFileType = sourcecode.c.objc; path = AppDelegate.m; sourceTree = "<group>"; };
		83926655170F948E00A192E5 /* Default.png */ = {isa = PBXFileReference; lastKnownFileType = image.png; path = Default.png; sourceTree = "<group>"; };
		83926657170F948E00A192E5 /* Default@2x.png */ = {isa = PBXFileReference; lastKnownFileType = image.png; path = "Default@2x.png"; sourceTree = "<group>"; };
		83926659170F948E00A192E5 /* Default-568h@2x.png */ = {isa = PBXFileReference; lastKnownFileType = image.png; path = "Default-568h@2x.png"; sourceTree = "<group>"; };
		8392665C170F948E00A192E5 /* en */ = {isa = PBXFileReference; lastKnownFileType = file.storyboard; name = en; path = en.lproj/MainStoryboard.storyboard; sourceTree = "<group>"; };
		8392665E170F948E00A192E5 /* ViewController.h */ = {isa = PBXFileReference; lastKnownFileType = sourcecode.c.h; path = ViewController.h; sourceTree = "<group>"; };
		8392665F170F948E00A192E5 /* ViewController.m */ = {isa = PBXFileReference; lastKnownFileType = sourcecode.c.objc; path = ViewController.m; sourceTree = "<group>"; };
		83926668170F94B400A192E5 /* AFHTTPClient.h */ = {isa = PBXFileReference; fileEncoding = 4; lastKnownFileType = sourcecode.c.h; path = AFHTTPClient.h; sourceTree = "<group>"; };
		83926669170F94B400A192E5 /* AFHTTPClient.m */ = {isa = PBXFileReference; fileEncoding = 4; lastKnownFileType = sourcecode.c.objc; path = AFHTTPClient.m; sourceTree = "<group>"; };
		8392666A170F94B400A192E5 /* AFHTTPRequestOperation.h */ = {isa = PBXFileReference; fileEncoding = 4; lastKnownFileType = sourcecode.c.h; path = AFHTTPRequestOperation.h; sourceTree = "<group>"; };
		8392666B170F94B400A192E5 /* AFHTTPRequestOperation.m */ = {isa = PBXFileReference; fileEncoding = 4; lastKnownFileType = sourcecode.c.objc; path = AFHTTPRequestOperation.m; sourceTree = "<group>"; };
		8392666C170F94B400A192E5 /* AFImageRequestOperation.h */ = {isa = PBXFileReference; fileEncoding = 4; lastKnownFileType = sourcecode.c.h; path = AFImageRequestOperation.h; sourceTree = "<group>"; };
		8392666D170F94B400A192E5 /* AFImageRequestOperation.m */ = {isa = PBXFileReference; fileEncoding = 4; lastKnownFileType = sourcecode.c.objc; path = AFImageRequestOperation.m; sourceTree = "<group>"; };
		8392666E170F94B400A192E5 /* AFJSONRequestOperation.h */ = {isa = PBXFileReference; fileEncoding = 4; lastKnownFileType = sourcecode.c.h; path = AFJSONRequestOperation.h; sourceTree = "<group>"; };
		8392666F170F94B400A192E5 /* AFJSONRequestOperation.m */ = {isa = PBXFileReference; fileEncoding = 4; lastKnownFileType = sourcecode.c.objc; path = AFJSONRequestOperation.m; sourceTree = "<group>"; };
		83926670170F94B400A192E5 /* AFNetworkActivityIndicatorManager.h */ = {isa = PBXFileReference; fileEncoding = 4; lastKnownFileType = sourcecode.c.h; path = AFNetworkActivityIndicatorManager.h; sourceTree = "<group>"; };
		83926671170F94B400A192E5 /* AFNetworkActivityIndicatorManager.m */ = {isa = PBXFileReference; fileEncoding = 4; lastKnownFileType = sourcecode.c.objc; path = AFNetworkActivityIndicatorManager.m; sourceTree = "<group>"; };
		83926672170F94B400A192E5 /* AFNetworking.h */ = {isa = PBXFileReference; fileEncoding = 4; lastKnownFileType = sourcecode.c.h; path = AFNetworking.h; sourceTree = "<group>"; };
		83926673170F94B400A192E5 /* AFPropertyListRequestOperation.h */ = {isa = PBXFileReference; fileEncoding = 4; lastKnownFileType = sourcecode.c.h; path = AFPropertyListRequestOperation.h; sourceTree = "<group>"; };
		83926674170F94B400A192E5 /* AFPropertyListRequestOperation.m */ = {isa = PBXFileReference; fileEncoding = 4; lastKnownFileType = sourcecode.c.objc; path = AFPropertyListRequestOperation.m; sourceTree = "<group>"; };
		83926675170F94B400A192E5 /* AFURLConnectionOperation.h */ = {isa = PBXFileReference; fileEncoding = 4; lastKnownFileType = sourcecode.c.h; path = AFURLConnectionOperation.h; sourceTree = "<group>"; };
		83926676170F94B400A192E5 /* AFURLConnectionOperation.m */ = {isa = PBXFileReference; fileEncoding = 4; lastKnownFileType = sourcecode.c.objc; path = AFURLConnectionOperation.m; sourceTree = "<group>"; };
		83926677170F94B400A192E5 /* AFXMLRequestOperation.h */ = {isa = PBXFileReference; fileEncoding = 4; lastKnownFileType = sourcecode.c.h; path = AFXMLRequestOperation.h; sourceTree = "<group>"; };
		83926678170F94B400A192E5 /* AFXMLRequestOperation.m */ = {isa = PBXFileReference; fileEncoding = 4; lastKnownFileType = sourcecode.c.objc; path = AFXMLRequestOperation.m; sourceTree = "<group>"; };
		83926679170F94B400A192E5 /* UIImageView+AFNetworking.h */ = {isa = PBXFileReference; fileEncoding = 4; lastKnownFileType = sourcecode.c.h; path = "UIImageView+AFNetworking.h"; sourceTree = "<group>"; };
		8392667A170F94B400A192E5 /* UIImageView+AFNetworking.m */ = {isa = PBXFileReference; fileEncoding = 4; lastKnownFileType = sourcecode.c.objc; path = "UIImageView+AFNetworking.m"; sourceTree = "<group>"; };
		83926684170F961C00A192E5 /* Currency.h */ = {isa = PBXFileReference; fileEncoding = 4; lastKnownFileType = sourcecode.c.h; path = Currency.h; sourceTree = "<group>"; };
		83926685170F961C00A192E5 /* Currency.m */ = {isa = PBXFileReference; fileEncoding = 4; lastKnownFileType = sourcecode.c.objc; path = Currency.m; sourceTree = "<group>"; };
		8392668B170F9CF100A192E5 /* CurrencyTableViewController.h */ = {isa = PBXFileReference; fileEncoding = 4; lastKnownFileType = sourcecode.c.h; name = CurrencyTableViewController.h; path = ../CurrencyTableViewController.h; sourceTree = "<group>"; };
		8392668C170F9CF100A192E5 /* CurrencyTableViewController.m */ = {isa = PBXFileReference; fileEncoding = 4; lastKnownFileType = sourcecode.c.objc; name = CurrencyTableViewController.m; path = ../CurrencyTableViewController.m; sourceTree = "<group>"; };
/* End PBXFileReference section */

/* Begin PBXFrameworksBuildPhase section */
		8392663D170F948E00A192E5 /* Frameworks */ = {
			isa = PBXFrameworksBuildPhase;
			buildActionMask = 2147483647;
			files = (
				8391F333170FBC1B007A0255 /* iAd.framework in Frameworks */,
				83926644170F948E00A192E5 /* UIKit.framework in Frameworks */,
				83926646170F948E00A192E5 /* Foundation.framework in Frameworks */,
				83926648170F948E00A192E5 /* CoreGraphics.framework in Frameworks */,
			);
			runOnlyForDeploymentPostprocessing = 0;
		};
/* End PBXFrameworksBuildPhase section */

/* Begin PBXGroup section */
		83926637170F948E00A192E5 = {
			isa = PBXGroup;
			children = (
				8391F33A171008F0007A0255 /* appIcon@2x.png */,
				8391F338171008EC007A0255 /* appIcon.png */,
				83926687170F962800A192E5 /* Data Holder Objects */,
				83926666170F94A400A192E5 /* Libraries */,
				83926649170F948E00A192E5 /* BitSpot */,
				83926642170F948E00A192E5 /* Frameworks */,
				83926641170F948E00A192E5 /* Products */,
			);
			sourceTree = "<group>";
		};
		83926641170F948E00A192E5 /* Products */ = {
			isa = PBXGroup;
			children = (
				83926640170F948E00A192E5 /* BitSpot.app */,
			);
			name = Products;
			sourceTree = "<group>";
		};
		83926642170F948E00A192E5 /* Frameworks */ = {
			isa = PBXGroup;
			children = (
				8391F332170FBC1A007A0255 /* iAd.framework */,
				83926643170F948E00A192E5 /* UIKit.framework */,
				83926645170F948E00A192E5 /* Foundation.framework */,
				83926647170F948E00A192E5 /* CoreGraphics.framework */,
			);
			name = Frameworks;
			sourceTree = "<group>";
		};
		83926649170F948E00A192E5 /* BitSpot */ = {
			isa = PBXGroup;
			children = (
				8392668B170F9CF100A192E5 /* CurrencyTableViewController.h */,
				8392668C170F9CF100A192E5 /* CurrencyTableViewController.m */,
				83926652170F948E00A192E5 /* AppDelegate.h */,
				83926653170F948E00A192E5 /* AppDelegate.m */,
				8392665B170F948E00A192E5 /* MainStoryboard.storyboard */,
				8392665E170F948E00A192E5 /* ViewController.h */,
				8392665F170F948E00A192E5 /* ViewController.m */,
				8392664A170F948E00A192E5 /* Supporting Files */,
			);
			path = BitSpot;
			sourceTree = "<group>";
		};
		8392664A170F948E00A192E5 /* Supporting Files */ = {
			isa = PBXGroup;
			children = (
				8392664B170F948E00A192E5 /* BitSpot-Info.plist */,
				8392664C170F948E00A192E5 /* InfoPlist.strings */,
				8392664F170F948E00A192E5 /* main.m */,
				83926651170F948E00A192E5 /* BitSpot-Prefix.pch */,
				83926655170F948E00A192E5 /* Default.png */,
				83926657170F948E00A192E5 /* Default@2x.png */,
				83926659170F948E00A192E5 /* Default-568h@2x.png */,
			);
			name = "Supporting Files";
			sourceTree = "<group>";
		};
		83926666170F94A400A192E5 /* Libraries */ = {
			isa = PBXGroup;
			children = (
				83926667170F94B400A192E5 /* AFNetworking */,
			);
			name = Libraries;
			sourceTree = "<group>";
		};
		83926667170F94B400A192E5 /* AFNetworking */ = {
			isa = PBXGroup;
			children = (
				83926668170F94B400A192E5 /* AFHTTPClient.h */,
				83926669170F94B400A192E5 /* AFHTTPClient.m */,
				8392666A170F94B400A192E5 /* AFHTTPRequestOperation.h */,
				8392666B170F94B400A192E5 /* AFHTTPRequestOperation.m */,
				8392666C170F94B400A192E5 /* AFImageRequestOperation.h */,
				8392666D170F94B400A192E5 /* AFImageRequestOperation.m */,
				8392666E170F94B400A192E5 /* AFJSONRequestOperation.h */,
				8392666F170F94B400A192E5 /* AFJSONRequestOperation.m */,
				83926670170F94B400A192E5 /* AFNetworkActivityIndicatorManager.h */,
				83926671170F94B400A192E5 /* AFNetworkActivityIndicatorManager.m */,
				83926672170F94B400A192E5 /* AFNetworking.h */,
				83926673170F94B400A192E5 /* AFPropertyListRequestOperation.h */,
				83926674170F94B400A192E5 /* AFPropertyListRequestOperation.m */,
				83926675170F94B400A192E5 /* AFURLConnectionOperation.h */,
				83926676170F94B400A192E5 /* AFURLConnectionOperation.m */,
				83926677170F94B400A192E5 /* AFXMLRequestOperation.h */,
				83926678170F94B400A192E5 /* AFXMLRequestOperation.m */,
				83926679170F94B400A192E5 /* UIImageView+AFNetworking.h */,
				8392667A170F94B400A192E5 /* UIImageView+AFNetworking.m */,
			);
			path = AFNetworking;
			sourceTree = "<group>";
		};
		83926687170F962800A192E5 /* Data Holder Objects */ = {
			isa = PBXGroup;
			children = (
				83926684170F961C00A192E5 /* Currency.h */,
				83926685170F961C00A192E5 /* Currency.m */,
			);
			name = "Data Holder Objects";
			sourceTree = "<group>";
		};
/* End PBXGroup section */

/* Begin PBXNativeTarget section */
		8392663F170F948E00A192E5 /* BitSpot */ = {
			isa = PBXNativeTarget;
			buildConfigurationList = 83926663170F948E00A192E5 /* Build configuration list for PBXNativeTarget "BitSpot" */;
			buildPhases = (
				8392663C170F948E00A192E5 /* Sources */,
				8392663D170F948E00A192E5 /* Frameworks */,
				8392663E170F948E00A192E5 /* Resources */,
			);
			buildRules = (
			);
			dependencies = (
			);
			name = BitSpot;
			productName = BitSpot;
			productReference = 83926640170F948E00A192E5 /* BitSpot.app */;
			productType = "com.apple.product-type.application";
		};
/* End PBXNativeTarget section */

/* Begin PBXProject section */
		83926638170F948E00A192E5 /* Project object */ = {
			isa = PBXProject;
			attributes = {
				LastUpgradeCheck = 0460;
				ORGANIZATIONNAME = ChrisVCo;
			};
			buildConfigurationList = 8392663B170F948E00A192E5 /* Build configuration list for PBXProject "BitSpot" */;
			compatibilityVersion = "Xcode 3.2";
			developmentRegion = English;
			hasScannedForEncodings = 0;
			knownRegions = (
				en,
			);
			mainGroup = 83926637170F948E00A192E5;
			productRefGroup = 83926641170F948E00A192E5 /* Products */;
			projectDirPath = "";
			projectRoot = "";
			targets = (
				8392663F170F948E00A192E5 /* BitSpot */,
			);
		};
/* End PBXProject section */

/* Begin PBXResourcesBuildPhase section */
		8392663E170F948E00A192E5 /* Resources */ = {
			isa = PBXResourcesBuildPhase;
			buildActionMask = 2147483647;
			files = (
				8392664E170F948E00A192E5 /* InfoPlist.strings in Resources */,
				83926656170F948E00A192E5 /* Default.png in Resources */,
				83926658170F948E00A192E5 /* Default@2x.png in Resources */,
				8392665A170F948E00A192E5 /* Default-568h@2x.png in Resources */,
				8392665D170F948E00A192E5 /* MainStoryboard.storyboard in Resources */,
				8391F339171008EC007A0255 /* appIcon.png in Resources */,
				8391F33B171008F0007A0255 /* appIcon@2x.png in Resources */,
			);
			runOnlyForDeploymentPostprocessing = 0;
		};
/* End PBXResourcesBuildPhase section */

/* Begin PBXSourcesBuildPhase section */
		8392663C170F948E00A192E5 /* Sources */ = {
			isa = PBXSourcesBuildPhase;
			buildActionMask = 2147483647;
			files = (
				83926650170F948E00A192E5 /* main.m in Sources */,
				83926654170F948E00A192E5 /* AppDelegate.m in Sources */,
				83926660170F948E00A192E5 /* ViewController.m in Sources */,
				8392667B170F94B400A192E5 /* AFHTTPClient.m in Sources */,
				8392667C170F94B400A192E5 /* AFHTTPRequestOperation.m in Sources */,
				8392667D170F94B400A192E5 /* AFImageRequestOperation.m in Sources */,
				8392667E170F94B400A192E5 /* AFJSONRequestOperation.m in Sources */,
				8392667F170F94B400A192E5 /* AFNetworkActivityIndicatorManager.m in Sources */,
				83926680170F94B400A192E5 /* AFPropertyListRequestOperation.m in Sources */,
				83926681170F94B400A192E5 /* AFURLConnectionOperation.m in Sources */,
				83926682170F94B400A192E5 /* AFXMLRequestOperation.m in Sources */,
				83926683170F94B400A192E5 /* UIImageView+AFNetworking.m in Sources */,
				83926686170F961C00A192E5 /* Currency.m in Sources */,
				8392668D170F9CF100A192E5 /* CurrencyTableViewController.m in Sources */,
			);
			runOnlyForDeploymentPostprocessing = 0;
		};
/* End PBXSourcesBuildPhase section */

/* Begin PBXVariantGroup section */
		8392664C170F948E00A192E5 /* InfoPlist.strings */ = {
			isa = PBXVariantGroup;
			children = (
				8392664D170F948E00A192E5 /* en */,
			);
			name = InfoPlist.strings;
			sourceTree = "<group>";
		};
		8392665B170F948E00A192E5 /* MainStoryboard.storyboard */ = {
			isa = PBXVariantGroup;
			children = (
				8392665C170F948E00A192E5 /* en */,
			);
			name = MainStoryboard.storyboard;
			sourceTree = "<group>";
		};
/* End PBXVariantGroup section */

/* Begin XCBuildConfiguration section */
		83926661170F948E00A192E5 /* Debug */ = {
			isa = XCBuildConfiguration;
			buildSettings = {
				ALWAYS_SEARCH_USER_PATHS = NO;
				CLANG_CXX_LANGUAGE_STANDARD = "gnu++0x";
				CLANG_CXX_LIBRARY = "libc++";
				CLANG_ENABLE_OBJC_ARC = YES;
				CLANG_WARN_CONSTANT_CONVERSION = YES;
				CLANG_WARN_EMPTY_BODY = YES;
				CLANG_WARN_ENUM_CONVERSION = YES;
				CLANG_WARN_INT_CONVERSION = YES;
				CLANG_WARN__DUPLICATE_METHOD_MATCH = YES;
				"CODE_SIGN_IDENTITY[sdk=iphoneos*]" = "iPhone Developer";
				COPY_PHASE_STRIP = NO;
				GCC_C_LANGUAGE_STANDARD = gnu99;
				GCC_DYNAMIC_NO_PIC = NO;
				GCC_OPTIMIZATION_LEVEL = 0;
				GCC_PREPROCESSOR_DEFINITIONS = (
					"DEBUG=1",
					"$(inherited)",
				);
				GCC_SYMBOLS_PRIVATE_EXTERN = NO;
				GCC_WARN_ABOUT_RETURN_TYPE = YES;
				GCC_WARN_UNINITIALIZED_AUTOS = YES;
				GCC_WARN_UNUSED_VARIABLE = YES;
				IPHONEOS_DEPLOYMENT_TARGET = 6.1;
				ONLY_ACTIVE_ARCH = YES;
				SDKROOT = iphoneos;
			};
			name = Debug;
		};
		83926662170F948E00A192E5 /* Release */ = {
			isa = XCBuildConfiguration;
			buildSettings = {
				ALWAYS_SEARCH_USER_PATHS = NO;
				CLANG_CXX_LANGUAGE_STANDARD = "gnu++0x";
				CLANG_CXX_LIBRARY = "libc++";
				CLANG_ENABLE_OBJC_ARC = YES;
				CLANG_WARN_CONSTANT_CONVERSION = YES;
				CLANG_WARN_EMPTY_BODY = YES;
				CLANG_WARN_ENUM_CONVERSION = YES;
				CLANG_WARN_INT_CONVERSION = YES;
				CLANG_WARN__DUPLICATE_METHOD_MATCH = YES;
				"CODE_SIGN_IDENTITY[sdk=iphoneos*]" = "iPhone Developer";
				COPY_PHASE_STRIP = YES;
				GCC_C_LANGUAGE_STANDARD = gnu99;
				GCC_WARN_ABOUT_RETURN_TYPE = YES;
				GCC_WARN_UNINITIALIZED_AUTOS = YES;
				GCC_WARN_UNUSED_VARIABLE = YES;
				IPHONEOS_DEPLOYMENT_TARGET = 6.1;
				OTHER_CFLAGS = "-DNS_BLOCK_ASSERTIONS=1";
				SDKROOT = iphoneos;
				VALIDATE_PRODUCT = YES;
			};
			name = Release;
		};
		83926664170F948E00A192E5 /* Debug */ = {
			isa = XCBuildConfiguration;
			buildSettings = {
				GCC_PRECOMPILE_PREFIX_HEADER = YES;
				GCC_PREFIX_HEADER = "BitSpot/BitSpot-Prefix.pch";
				INFOPLIST_FILE = "BitSpot/BitSpot-Info.plist";
				PRODUCT_NAME = "$(TARGET_NAME)";
				WRAPPER_EXTENSION = app;
			};
			name = Debug;
		};
		83926665170F948E00A192E5 /* Release */ = {
			isa = XCBuildConfiguration;
			buildSettings = {
				GCC_PRECOMPILE_PREFIX_HEADER = YES;
				GCC_PREFIX_HEADER = "BitSpot/BitSpot-Prefix.pch";
				INFOPLIST_FILE = "BitSpot/BitSpot-Info.plist";
				PRODUCT_NAME = "$(TARGET_NAME)";
				WRAPPER_EXTENSION = app;
			};
			name = Release;
		};
/* End XCBuildConfiguration section */

/* Begin XCConfigurationList section */
		8392663B170F948E00A192E5 /* Build configuration list for PBXProject "BitSpot" */ = {
			isa = XCConfigurationList;
			buildConfigurations = (
				83926661170F948E00A192E5 /* Debug */,
				83926662170F948E00A192E5 /* Release */,
			);
			defaultConfigurationIsVisible = 0;
			defaultConfigurationName = Release;
		};
		83926663170F948E00A192E5 /* Build configuration list for PBXNativeTarget "BitSpot" */ = {
			isa = XCConfigurationList;
			buildConfigurations = (
				83926664170F948E00A192E5 /* Debug */,
				83926665170F948E00A192E5 /* Release */,
			);
			defaultConfigurationIsVisible = 0;
			defaultConfigurationName = Release;
		};
/* End XCConfigurationList section */
	};
	rootObject = 83926638170F948E00A192E5 /* Project object */;
}
